
Microsoft Visual Studio Solution File, Format Version 12.00
# Visual Studio 2012
Project("{FAE04EC0-301F-11D3-BF4B-00C04F79EFBC}") = "VETRIS", "VETRIS.csproj", "{27B7EC9C-0446-46D2-AF6B-4AF6017A77FA}"
EndProject
Project("{FAE04EC0-301F-11D3-BF4B-00C04F79EFBC}") = "VETRIS.Core", "..\VETRIS.Core\VETRIS.Core.csproj", "{E4D1301B-91A0-4CF2-9FE0-CF72DCEDF6C1}"
EndProject
Project("{FAE04EC0-301F-11D3-BF4B-00C04F79EFBC}") = "VETRIS.DAL", "..\VETRIS.DAL\VETRIS.DAL.csproj", "{7A1DD809-2158-49CF-99C7-1A90FD60AB20}"
EndProject
Global
	GlobalSection(TeamFoundationVersionControl) = preSolution
		SccNumberOfProjects = 4
		SccEnterpriseProvider = {4CA58AB2-18FA-4F8D-95D4-32DDF27D184C}
		SccTeamFoundationServer = http://45.114.38.21:8080/tfs/defaultcollection
		SccLocalPath0 = .
		SccProjectUniqueName1 = VETRIS.csproj
		SccLocalPath1 = .
		SccProjectUniqueName2 = ..\\VETRIS.Core\\VETRIS.Core.csproj
		SccProjectName2 = ../VETRIS.Core
		SccLocalPath2 = ..\\VETRIS.Core
		SccProjectUniqueName3 = ..\\VETRIS.DAL\\VETRIS.DAL.csproj
		SccProjectName3 = ../VETRIS.DAL
		SccLocalPath3 = ..\\VETRIS.DAL
	EndGlobalSection
	GlobalSection(SolutionConfigurationPlatforms) = preSolution
		Debug|Any CPU = Debug|Any CPU
		Release|Any CPU = Release|Any CPU
	EndGlobalSection
	GlobalSection(ProjectConfigurationPlatforms) = postSolution
		{27B7EC9C-0446-46D2-AF6B-4AF6017A77FA}.Debug|Any CPU.ActiveCfg = Debug|Any CPU
		{27B7EC9C-0446-46D2-AF6B-4AF6017A77FA}.Debug|Any CPU.Build.0 = Debug|Any CPU
		{27B7EC9C-0446-46D2-AF6B-4AF6017A77FA}.Release|Any CPU.ActiveCfg = Release|Any CPU
		{27B7EC9C-0446-46D2-AF6B-4AF6017A77FA}.Release|Any CPU.Build.0 = Release|Any CPU
		{E4D1301B-91A0-4CF2-9FE0-CF72DCEDF6C1}.Debug|Any CPU.ActiveCfg = Debug|Any CPU
		{E4D1301B-91A0-4CF2-9FE0-CF72DCEDF6C1}.Debug|Any CPU.Build.0 = Debug|Any CPU
		{E4D1301B-91A0-4CF2-9FE0-CF72DCEDF6C1}.Release|Any CPU.ActiveCfg = Release|Any CPU
		{E4D1301B-91A0-4CF2-9FE0-CF72DCEDF6C1}.Release|Any CPU.Build.0 = Release|Any CPU
		{7A1DD809-2158-49CF-99C7-1A90FD60AB20}.Debug|Any CPU.ActiveCfg = Debug|Any CPU
		{7A1DD809-2158-49CF-99C7-1A90FD60AB20}.Debug|Any CPU.Build.0 = Debug|Any CPU
		{7A1DD809-2158-49CF-99C7-1A90FD60AB20}.Release|Any CPU.ActiveCfg = Release|Any CPU
		{7A1DD809-2158-49CF-99C7-1A90FD60AB20}.Release|Any CPU.Build.0 = Release|Any CPU
	EndGlobalSection
	GlobalSection(SolutionProperties) = preSolution
		HideSolutionNode = FALSE
	EndGlobalSection
EndGlobal
